
Microsoft Visual Studio Solution File, Format Version 12.00
# Visual Studio Version 17
VisualStudioVersion = 17.1.32210.238
MinimumVisualStudioVersion = 10.0.40219.1
Project("{FAE04EC0-301F-11D3-BF4B-00C04F79EFBC}") = "CesarCipher", "CesarCipher\CesarCipher.csproj", "{1062F6A4-D734-4E46-B3B3-BAEC0373DF91}"
EndProject
Global
	GlobalSection(SolutionConfigurationPlatforms) = preSolution
		Debug|Any CPU = Debug|Any CPU
		Release|Any CPU = Release|Any CPU
	EndGlobalSection
	GlobalSection(ProjectConfigurationPlatforms) = postSolution
		{1062F6A4-D734-4E46-B3B3-BAEC0373DF91}.Debug|Any CPU.ActiveCfg = Debug|Any CPU
		{1062F6A4-D734-4E46-B3B3-BAEC0373DF91}.Debug|Any CPU.Build.0 = Debug|Any CPU
		{1062F6A4-D734-4E46-B3B3-BAEC0373DF91}.Release|Any CPU.ActiveCfg = Release|Any CPU
		{1062F6A4-D734-4E46-B3B3-BAEC0373DF91}.Release|Any CPU.Build.0 = Release|Any CPU
	EndGlobalSection
	GlobalSection(SolutionProperties) = preSolution
		HideSolutionNode = FALSE
	EndGlobalSection
	GlobalSection(ExtensibilityGlobals) = postSolution
		SolutionGuid = {2FBCD7C3-DFAA-4A25-BC21-857E4FCBF952}
	EndGlobalSection
EndGlobal
